// !$*UTF8*$!
{
	archiveVersion = 1;
	classes = {
	};
	objectVersion = 50;
	objects = {

/* Begin PBXBuildFile section */
		AB22D6AA25902533007DA076 /* NetworkManager.swift in Sources */ = {isa = PBXBuildFile; fileRef = AB22D6A925902533007DA076 /* NetworkManager.swift */; };
		AB22D6AF259025D2007DA076 /* User.swift in Sources */ = {isa = PBXBuildFile; fileRef = AB22D6AE259025D2007DA076 /* User.swift */; };
		AB22D6B2259025DD007DA076 /* Follower.swift in Sources */ = {isa = PBXBuildFile; fileRef = AB22D6B1259025DD007DA076 /* Follower.swift */; };
		AB22D6B625902DB1007DA076 /* GFError.swift in Sources */ = {isa = PBXBuildFile; fileRef = AB22D6B525902DB1007DA076 /* GFError.swift */; };
		AB22D6BA2590519E007DA076 /* FollowerCell.swift in Sources */ = {isa = PBXBuildFile; fileRef = AB22D6B92590519E007DA076 /* FollowerCell.swift */; };
		AB22D6BD259051CF007DA076 /* GFAvatarImageView.swift in Sources */ = {isa = PBXBuildFile; fileRef = AB22D6BC259051CF007DA076 /* GFAvatarImageView.swift */; };
		AB22D6C025906302007DA076 /* UIHelper.swift in Sources */ = {isa = PBXBuildFile; fileRef = AB22D6BF25906302007DA076 /* UIHelper.swift */; };
		AB239760259E867600F28AEF /* GFTabBarController.swift in Sources */ = {isa = PBXBuildFile; fileRef = AB23975F259E867600F28AEF /* GFTabBarController.swift */; };
		AB239764259E8E1700F28AEF /* GFAlertContainerView.swift in Sources */ = {isa = PBXBuildFile; fileRef = AB239763259E8E1700F28AEF /* GFAlertContainerView.swift */; };
		AB239768259E956F00F28AEF /* GFDataLoadingVC.swift in Sources */ = {isa = PBXBuildFile; fileRef = AB239767259E956F00F28AEF /* GFDataLoadingVC.swift */; };
		AB2FF5AA2579F78C0090C64E /* SearchVC.swift in Sources */ = {isa = PBXBuildFile; fileRef = AB2FF5A92579F78C0090C64E /* SearchVC.swift */; };
		AB2FF5AD2579F84E0090C64E /* FavoritesListVC.swift in Sources */ = {isa = PBXBuildFile; fileRef = AB2FF5AC2579F84E0090C64E /* FavoritesListVC.swift */; };
		AB2FF5B0257B36CA0090C64E /* GFButton.swift in Sources */ = {isa = PBXBuildFile; fileRef = AB2FF5AF257B36CA0090C64E /* GFButton.swift */; };
		AB2FF5B3257B3F6B0090C64E /* GFTextField.swift in Sources */ = {isa = PBXBuildFile; fileRef = AB2FF5B2257B3F6B0090C64E /* GFTextField.swift */; };
		AB2FF5B6257B52DA0090C64E /* FollowerListVC.swift in Sources */ = {isa = PBXBuildFile; fileRef = AB2FF5B5257B52DA0090C64E /* FollowerListVC.swift */; };
		AB315F94259DA2AB009A6E6B /* PersistanceManager.swift in Sources */ = {isa = PBXBuildFile; fileRef = AB315F93259DA2AB009A6E6B /* PersistanceManager.swift */; };
		AB315F98259DAD49009A6E6B /* FavoritesCell.swift in Sources */ = {isa = PBXBuildFile; fileRef = AB315F97259DAD49009A6E6B /* FavoritesCell.swift */; };
		AB44F74F25808D3A0071E1BB /* GFTitleLabel.swift in Sources */ = {isa = PBXBuildFile; fileRef = AB44F74E25808D3A0071E1BB /* GFTitleLabel.swift */; };
		AB44F75225808EB90071E1BB /* GFBodyLabel.swift in Sources */ = {isa = PBXBuildFile; fileRef = AB44F75125808EB90071E1BB /* GFBodyLabel.swift */; };
		AB44F755258090B00071E1BB /* GFAlertVC.swift in Sources */ = {isa = PBXBuildFile; fileRef = AB44F754258090B00071E1BB /* GFAlertVC.swift */; };
		AB44F758258096310071E1BB /* UIViewController+Ext.swift in Sources */ = {isa = PBXBuildFile; fileRef = AB44F757258096310071E1BB /* UIViewController+Ext.swift */; };
		AB472F8D25952D7C00660720 /* GFEmptyStateView.swift in Sources */ = {isa = PBXBuildFile; fileRef = AB472F8C25952D7C00660720 /* GFEmptyStateView.swift */; };
		AB472F91259635DE00660720 /* UserInfoVC.swift in Sources */ = {isa = PBXBuildFile; fileRef = AB472F90259635DE00660720 /* UserInfoVC.swift */; };
		AB472F942596456900660720 /* GFUserInfoHeaderVC.swift in Sources */ = {isa = PBXBuildFile; fileRef = AB472F932596456900660720 /* GFUserInfoHeaderVC.swift */; };
		AB472F972596466500660720 /* GFSecondaryTitleLabel.swift in Sources */ = {isa = PBXBuildFile; fileRef = AB472F962596466500660720 /* GFSecondaryTitleLabel.swift */; };
		AB472F9A259658CB00660720 /* Constants.swift in Sources */ = {isa = PBXBuildFile; fileRef = AB472F99259658CB00660720 /* Constants.swift */; };
		AB472F9D2596AB4500660720 /* GFItemInfoView.swift in Sources */ = {isa = PBXBuildFile; fileRef = AB472F9C2596AB4500660720 /* GFItemInfoView.swift */; };
		AB472FA02596AFC200660720 /* GFItemInfoVC.swift in Sources */ = {isa = PBXBuildFile; fileRef = AB472F9F2596AFC200660720 /* GFItemInfoVC.swift */; };
		AB472FA32596B65700660720 /* GFRepoItemVC.swift in Sources */ = {isa = PBXBuildFile; fileRef = AB472FA22596B65700660720 /* GFRepoItemVC.swift */; };
		AB472FA62596B82400660720 /* GFFollowerItemVC.swift in Sources */ = {isa = PBXBuildFile; fileRef = AB472FA52596B82400660720 /* GFFollowerItemVC.swift */; };
		ABD02BEE2579861500BBBF83 /* AppDelegate.swift in Sources */ = {isa = PBXBuildFile; fileRef = ABD02BED2579861500BBBF83 /* AppDelegate.swift */; };
		ABD02BF02579861500BBBF83 /* SceneDelegate.swift in Sources */ = {isa = PBXBuildFile; fileRef = ABD02BEF2579861500BBBF83 /* SceneDelegate.swift */; };
		ABD02BF72579861700BBBF83 /* Assets.xcassets in Resources */ = {isa = PBXBuildFile; fileRef = ABD02BF62579861700BBBF83 /* Assets.xcassets */; };
		ABD02BFA2579861700BBBF83 /* LaunchScreen.storyboard in Resources */ = {isa = PBXBuildFile; fileRef = ABD02BF82579861700BBBF83 /* LaunchScreen.storyboard */; };
		ABFA0BDB2596F28C00BC407F /* Date+Ext.swift in Sources */ = {isa = PBXBuildFile; fileRef = ABFA0BDA2596F28C00BC407F /* Date+Ext.swift */; };
/* End PBXBuildFile section */

/* Begin PBXFileReference section */
		AB22D6A925902533007DA076 /* NetworkManager.swift */ = {isa = PBXFileReference; lastKnownFileType = sourcecode.swift; path = NetworkManager.swift; sourceTree = "<group>"; };
		AB22D6AE259025D2007DA076 /* User.swift */ = {isa = PBXFileReference; lastKnownFileType = sourcecode.swift; path = User.swift; sourceTree = "<group>"; };
		AB22D6B1259025DD007DA076 /* Follower.swift */ = {isa = PBXFileReference; lastKnownFileType = sourcecode.swift; path = Follower.swift; sourceTree = "<group>"; };
		AB22D6B525902DB1007DA076 /* GFError.swift */ = {isa = PBXFileReference; lastKnownFileType = sourcecode.swift; path = GFError.swift; sourceTree = "<group>"; };
		AB22D6B92590519E007DA076 /* FollowerCell.swift */ = {isa = PBXFileReference; lastKnownFileType = sourcecode.swift; path = FollowerCell.swift; sourceTree = "<group>"; };
		AB22D6BC259051CF007DA076 /* GFAvatarImageView.swift */ = {isa = PBXFileReference; lastKnownFileType = sourcecode.swift; path = GFAvatarImageView.swift; sourceTree = "<group>"; };
		AB22D6BF25906302007DA076 /* UIHelper.swift */ = {isa = PBXFileReference; lastKnownFileType = sourcecode.swift; path = UIHelper.swift; sourceTree = "<group>"; };
		AB23975F259E867600F28AEF /* GFTabBarController.swift */ = {isa = PBXFileReference; lastKnownFileType = sourcecode.swift; path = GFTabBarController.swift; sourceTree = "<group>"; };
		AB239763259E8E1700F28AEF /* GFAlertContainerView.swift */ = {isa = PBXFileReference; lastKnownFileType = sourcecode.swift; path = GFAlertContainerView.swift; sourceTree = "<group>"; };
		AB239767259E956F00F28AEF /* GFDataLoadingVC.swift */ = {isa = PBXFileReference; lastKnownFileType = sourcecode.swift; path = GFDataLoadingVC.swift; sourceTree = "<group>"; };
		AB2FF5A92579F78C0090C64E /* SearchVC.swift */ = {isa = PBXFileReference; lastKnownFileType = sourcecode.swift; path = SearchVC.swift; sourceTree = "<group>"; };
		AB2FF5AC2579F84E0090C64E /* FavoritesListVC.swift */ = {isa = PBXFileReference; lastKnownFileType = sourcecode.swift; path = FavoritesListVC.swift; sourceTree = "<group>"; };
		AB2FF5AF257B36CA0090C64E /* GFButton.swift */ = {isa = PBXFileReference; lastKnownFileType = sourcecode.swift; path = GFButton.swift; sourceTree = "<group>"; };
		AB2FF5B2257B3F6B0090C64E /* GFTextField.swift */ = {isa = PBXFileReference; lastKnownFileType = sourcecode.swift; path = GFTextField.swift; sourceTree = "<group>"; };
		AB2FF5B5257B52DA0090C64E /* FollowerListVC.swift */ = {isa = PBXFileReference; lastKnownFileType = sourcecode.swift; path = FollowerListVC.swift; sourceTree = "<group>"; };
		AB315F93259DA2AB009A6E6B /* PersistanceManager.swift */ = {isa = PBXFileReference; lastKnownFileType = sourcecode.swift; path = PersistanceManager.swift; sourceTree = "<group>"; };
		AB315F97259DAD49009A6E6B /* FavoritesCell.swift */ = {isa = PBXFileReference; lastKnownFileType = sourcecode.swift; path = FavoritesCell.swift; sourceTree = "<group>"; };
		AB44F74E25808D3A0071E1BB /* GFTitleLabel.swift */ = {isa = PBXFileReference; lastKnownFileType = sourcecode.swift; path = GFTitleLabel.swift; sourceTree = "<group>"; };
		AB44F75125808EB90071E1BB /* GFBodyLabel.swift */ = {isa = PBXFileReference; lastKnownFileType = sourcecode.swift; path = GFBodyLabel.swift; sourceTree = "<group>"; };
		AB44F754258090B00071E1BB /* GFAlertVC.swift */ = {isa = PBXFileReference; lastKnownFileType = sourcecode.swift; path = GFAlertVC.swift; sourceTree = "<group>"; };
		AB44F757258096310071E1BB /* UIViewController+Ext.swift */ = {isa = PBXFileReference; lastKnownFileType = sourcecode.swift; path = "UIViewController+Ext.swift"; sourceTree = "<group>"; };
		AB472F8C25952D7C00660720 /* GFEmptyStateView.swift */ = {isa = PBXFileReference; lastKnownFileType = sourcecode.swift; path = GFEmptyStateView.swift; sourceTree = "<group>"; };
		AB472F90259635DE00660720 /* UserInfoVC.swift */ = {isa = PBXFileReference; lastKnownFileType = sourcecode.swift; path = UserInfoVC.swift; sourceTree = "<group>"; };
		AB472F932596456900660720 /* GFUserInfoHeaderVC.swift */ = {isa = PBXFileReference; lastKnownFileType = sourcecode.swift; path = GFUserInfoHeaderVC.swift; sourceTree = "<group>"; };
		AB472F962596466500660720 /* GFSecondaryTitleLabel.swift */ = {isa = PBXFileReference; lastKnownFileType = sourcecode.swift; path = GFSecondaryTitleLabel.swift; sourceTree = "<group>"; };
		AB472F99259658CB00660720 /* Constants.swift */ = {isa = PBXFileReference; lastKnownFileType = sourcecode.swift; path = Constants.swift; sourceTree = "<group>"; };
		AB472F9C2596AB4500660720 /* GFItemInfoView.swift */ = {isa = PBXFileReference; lastKnownFileType = sourcecode.swift; path = GFItemInfoView.swift; sourceTree = "<group>"; };
		AB472F9F2596AFC200660720 /* GFItemInfoVC.swift */ = {isa = PBXFileReference; lastKnownFileType = sourcecode.swift; path = GFItemInfoVC.swift; sourceTree = "<group>"; };
		AB472FA22596B65700660720 /* GFRepoItemVC.swift */ = {isa = PBXFileReference; lastKnownFileType = sourcecode.swift; path = GFRepoItemVC.swift; sourceTree = "<group>"; };
		AB472FA52596B82400660720 /* GFFollowerItemVC.swift */ = {isa = PBXFileReference; lastKnownFileType = sourcecode.swift; path = GFFollowerItemVC.swift; sourceTree = "<group>"; };
		ABD02BEA2579861500BBBF83 /* GHFollowers.app */ = {isa = PBXFileReference; explicitFileType = wrapper.application; includeInIndex = 0; path = GHFollowers.app; sourceTree = BUILT_PRODUCTS_DIR; };
		ABD02BED2579861500BBBF83 /* AppDelegate.swift */ = {isa = PBXFileReference; lastKnownFileType = sourcecode.swift; path = AppDelegate.swift; sourceTree = "<group>"; };
		ABD02BEF2579861500BBBF83 /* SceneDelegate.swift */ = {isa = PBXFileReference; lastKnownFileType = sourcecode.swift; path = SceneDelegate.swift; sourceTree = "<group>"; };
		ABD02BF62579861700BBBF83 /* Assets.xcassets */ = {isa = PBXFileReference; lastKnownFileType = folder.assetcatalog; path = Assets.xcassets; sourceTree = "<group>"; };
		ABD02BF92579861700BBBF83 /* Base */ = {isa = PBXFileReference; lastKnownFileType = file.storyboard; name = Base; path = Base.lproj/LaunchScreen.storyboard; sourceTree = "<group>"; };
		ABD02BFB2579861700BBBF83 /* Info.plist */ = {isa = PBXFileReference; lastKnownFileType = text.plist.xml; path = Info.plist; sourceTree = "<group>"; };
		ABFA0BDA2596F28C00BC407F /* Date+Ext.swift */ = {isa = PBXFileReference; lastKnownFileType = sourcecode.swift; path = "Date+Ext.swift"; sourceTree = "<group>"; };
/* End PBXFileReference section */

/* Begin PBXFrameworksBuildPhase section */
		ABD02BE72579861500BBBF83 /* Frameworks */ = {
			isa = PBXFrameworksBuildPhase;
			buildActionMask = 2147483647;
			files = (
			);
			runOnlyForDeploymentPostprocessing = 0;
		};
/* End PBXFrameworksBuildPhase section */

/* Begin PBXGroup section */
		AB22D6A825902522007DA076 /* Managers */ = {
			isa = PBXGroup;
			children = (
				AB22D6A925902533007DA076 /* NetworkManager.swift */,
				AB315F93259DA2AB009A6E6B /* PersistanceManager.swift */,
			);
			path = Managers;
			sourceTree = "<group>";
		};
		AB22D6AD259025C4007DA076 /* Model */ = {
			isa = PBXGroup;
			children = (
				AB22D6AE259025D2007DA076 /* User.swift */,
				AB22D6B1259025DD007DA076 /* Follower.swift */,
			);
			path = Model;
			sourceTree = "<group>";
		};
		AB22D6B425902DA4007DA076 /* Utilities */ = {
			isa = PBXGroup;
			children = (
				AB22D6B525902DB1007DA076 /* GFError.swift */,
				AB22D6BF25906302007DA076 /* UIHelper.swift */,
				AB472F99259658CB00660720 /* Constants.swift */,
			);
			path = Utilities;
			sourceTree = "<group>";
		};
		AB22D6B82590517B007DA076 /* Cells */ = {
			isa = PBXGroup;
			children = (
				AB22D6B92590519E007DA076 /* FollowerCell.swift */,
				AB315F97259DAD49009A6E6B /* FavoritesCell.swift */,
			);
			path = Cells;
			sourceTree = "<group>";
		};
		AB23975E259E865000F28AEF /* TabBarControllers */ = {
			isa = PBXGroup;
			children = (
				AB23975F259E867600F28AEF /* GFTabBarController.swift */,
			);
			path = TabBarControllers;
			sourceTree = "<group>";
		};
		AB472F8625952D0200660720 /* TextFields */ = {
			isa = PBXGroup;
			children = (
				AB2FF5B2257B3F6B0090C64E /* GFTextField.swift */,
			);
			path = TextFields;
			sourceTree = "<group>";
		};
		AB472F8725952D1200660720 /* Buttons */ = {
			isa = PBXGroup;
			children = (
				AB2FF5AF257B36CA0090C64E /* GFButton.swift */,
			);
			path = Buttons;
			sourceTree = "<group>";
		};
		AB472F8825952D1900660720 /* Views */ = {
			isa = PBXGroup;
			children = (
				AB472F8C25952D7C00660720 /* GFEmptyStateView.swift */,
				AB472F9C2596AB4500660720 /* GFItemInfoView.swift */,
				AB239763259E8E1700F28AEF /* GFAlertContainerView.swift */,
			);
			path = Views;
			sourceTree = "<group>";
		};
		AB472F8925952D2C00660720 /* ImageViews */ = {
			isa = PBXGroup;
			children = (
				AB22D6BC259051CF007DA076 /* GFAvatarImageView.swift */,
			);
			path = ImageViews;
			sourceTree = "<group>";
		};
		AB472F8A25952D3A00660720 /* ViewControllers */ = {
			isa = PBXGroup;
			children = (
				AB472FA82596B87900660720 /* ItemInfoVCs */,
				AB44F754258090B00071E1BB /* GFAlertVC.swift */,
				AB472F932596456900660720 /* GFUserInfoHeaderVC.swift */,
				AB239767259E956F00F28AEF /* GFDataLoadingVC.swift */,
			);
			path = ViewControllers;
			sourceTree = "<group>";
		};
		AB472F8B25952D4600660720 /* Labels */ = {
			isa = PBXGroup;
			children = (
				AB44F74E25808D3A0071E1BB /* GFTitleLabel.swift */,
				AB44F75125808EB90071E1BB /* GFBodyLabel.swift */,
				AB472F962596466500660720 /* GFSecondaryTitleLabel.swift */,
			);
			path = Labels;
			sourceTree = "<group>";
		};
		AB472FA82596B87900660720 /* ItemInfoVCs */ = {
			isa = PBXGroup;
			children = (
				AB472F9F2596AFC200660720 /* GFItemInfoVC.swift */,
				AB472FA52596B82400660720 /* GFFollowerItemVC.swift */,
				AB472FA22596B65700660720 /* GFRepoItemVC.swift */,
			);
			path = ItemInfoVCs;
			sourceTree = "<group>";
		};
		AB9916BC258F97C1002DE16E /* Screens */ = {
			isa = PBXGroup;
			children = (
				AB2FF5B5257B52DA0090C64E /* FollowerListVC.swift */,
				AB2FF5AC2579F84E0090C64E /* FavoritesListVC.swift */,
				AB2FF5A92579F78C0090C64E /* SearchVC.swift */,
				AB472F90259635DE00660720 /* UserInfoVC.swift */,
			);
			path = Screens;
			sourceTree = "<group>";
		};
		AB9916BD258F97F8002DE16E /* Custom Views */ = {
			isa = PBXGroup;
			children = (
				AB23975E259E865000F28AEF /* TabBarControllers */,
				AB472F8B25952D4600660720 /* Labels */,
				AB472F8A25952D3A00660720 /* ViewControllers */,
				AB472F8925952D2C00660720 /* ImageViews */,
				AB472F8825952D1900660720 /* Views */,
				AB472F8725952D1200660720 /* Buttons */,
				AB472F8625952D0200660720 /* TextFields */,
				AB22D6B82590517B007DA076 /* Cells */,
			);
			path = "Custom Views";
			sourceTree = "<group>";
		};
		AB9916BE258F983A002DE16E /* Extensions */ = {
			isa = PBXGroup;
			children = (
				AB44F757258096310071E1BB /* UIViewController+Ext.swift */,
				ABFA0BDA2596F28C00BC407F /* Date+Ext.swift */,
			);
			path = Extensions;
			sourceTree = "<group>";
		};
		AB9916BF258F9887002DE16E /* Support */ = {
			isa = PBXGroup;
			children = (
				ABD02BED2579861500BBBF83 /* AppDelegate.swift */,
				ABD02BEF2579861500BBBF83 /* SceneDelegate.swift */,
				ABD02BF62579861700BBBF83 /* Assets.xcassets */,
				ABD02BF82579861700BBBF83 /* LaunchScreen.storyboard */,
			);
			path = Support;
			sourceTree = "<group>";
		};
		ABD02BE12579861400BBBF83 = {
			isa = PBXGroup;
			children = (
				ABD02BEC2579861500BBBF83 /* GHFollowers */,
				ABD02BEB2579861500BBBF83 /* Products */,
			);
			sourceTree = "<group>";
		};
		ABD02BEB2579861500BBBF83 /* Products */ = {
			isa = PBXGroup;
			children = (
				ABD02BEA2579861500BBBF83 /* GHFollowers.app */,
			);
			name = Products;
			sourceTree = "<group>";
		};
		ABD02BEC2579861500BBBF83 /* GHFollowers */ = {
			isa = PBXGroup;
			children = (
				AB22D6B425902DA4007DA076 /* Utilities */,
				AB22D6AD259025C4007DA076 /* Model */,
				AB22D6A825902522007DA076 /* Managers */,
				AB9916BF258F9887002DE16E /* Support */,
				AB9916BE258F983A002DE16E /* Extensions */,
				AB9916BD258F97F8002DE16E /* Custom Views */,
				AB9916BC258F97C1002DE16E /* Screens */,
				ABD02BFB2579861700BBBF83 /* Info.plist */,
			);
			path = GHFollowers;
			sourceTree = "<group>";
		};
/* End PBXGroup section */

/* Begin PBXNativeTarget section */
		ABD02BE92579861500BBBF83 /* GHFollowers */ = {
			isa = PBXNativeTarget;
			buildConfigurationList = ABD02BFE2579861700BBBF83 /* Build configuration list for PBXNativeTarget "GHFollowers" */;
			buildPhases = (
				ABD02BE62579861500BBBF83 /* Sources */,
				ABD02BE72579861500BBBF83 /* Frameworks */,
				ABD02BE82579861500BBBF83 /* Resources */,
			);
			buildRules = (
			);
			dependencies = (
			);
			name = GHFollowers;
			productName = GHFollowers;
			productReference = ABD02BEA2579861500BBBF83 /* GHFollowers.app */;
			productType = "com.apple.product-type.application";
		};
/* End PBXNativeTarget section */

/* Begin PBXProject section */
		ABD02BE22579861400BBBF83 /* Project object */ = {
			isa = PBXProject;
			attributes = {
				LastSwiftUpdateCheck = 1220;
				LastUpgradeCheck = 1220;
				TargetAttributes = {
					ABD02BE92579861500BBBF83 = {
						CreatedOnToolsVersion = 12.2;
					};
				};
			};
			buildConfigurationList = ABD02BE52579861400BBBF83 /* Build configuration list for PBXProject "GHFollowers" */;
			compatibilityVersion = "Xcode 9.3";
			developmentRegion = en;
			hasScannedForEncodings = 0;
			knownRegions = (
				en,
				Base,
			);
			mainGroup = ABD02BE12579861400BBBF83;
			productRefGroup = ABD02BEB2579861500BBBF83 /* Products */;
			projectDirPath = "";
			projectRoot = "";
			targets = (
				ABD02BE92579861500BBBF83 /* GHFollowers */,
			);
		};
/* End PBXProject section */

/* Begin PBXResourcesBuildPhase section */
		ABD02BE82579861500BBBF83 /* Resources */ = {
			isa = PBXResourcesBuildPhase;
			buildActionMask = 2147483647;
			files = (
				ABD02BFA2579861700BBBF83 /* LaunchScreen.storyboard in Resources */,
				ABD02BF72579861700BBBF83 /* Assets.xcassets in Resources */,
			);
			runOnlyForDeploymentPostprocessing = 0;
		};
/* End PBXResourcesBuildPhase section */

/* Begin PBXSourcesBuildPhase section */
		ABD02BE62579861500BBBF83 /* Sources */ = {
			isa = PBXSourcesBuildPhase;
			buildActionMask = 2147483647;
			files = (
				AB22D6AF259025D2007DA076 /* User.swift in Sources */,
				AB22D6B2259025DD007DA076 /* Follower.swift in Sources */,
				AB315F98259DAD49009A6E6B /* FavoritesCell.swift in Sources */,
				AB22D6AA25902533007DA076 /* NetworkManager.swift in Sources */,
				AB2FF5AA2579F78C0090C64E /* SearchVC.swift in Sources */,
				AB44F758258096310071E1BB /* UIViewController+Ext.swift in Sources */,
				AB22D6C025906302007DA076 /* UIHelper.swift in Sources */,
				AB472FA02596AFC200660720 /* GFItemInfoVC.swift in Sources */,
				AB472F9A259658CB00660720 /* Constants.swift in Sources */,
				AB22D6BD259051CF007DA076 /* GFAvatarImageView.swift in Sources */,
				AB2FF5B0257B36CA0090C64E /* GFButton.swift in Sources */,
				AB2FF5AD2579F84E0090C64E /* FavoritesListVC.swift in Sources */,
				AB472FA62596B82400660720 /* GFFollowerItemVC.swift in Sources */,
				AB472F9D2596AB4500660720 /* GFItemInfoView.swift in Sources */,
				AB22D6BA2590519E007DA076 /* FollowerCell.swift in Sources */,
				AB239760259E867600F28AEF /* GFTabBarController.swift in Sources */,
				AB315F94259DA2AB009A6E6B /* PersistanceManager.swift in Sources */,
				AB22D6B625902DB1007DA076 /* GFError.swift in Sources */,
				AB472F942596456900660720 /* GFUserInfoHeaderVC.swift in Sources */,
				AB239768259E956F00F28AEF /* GFDataLoadingVC.swift in Sources */,
				ABD02BEE2579861500BBBF83 /* AppDelegate.swift in Sources */,
				AB239764259E8E1700F28AEF /* GFAlertContainerView.swift in Sources */,
				AB44F755258090B00071E1BB /* GFAlertVC.swift in Sources */,
				ABD02BF02579861500BBBF83 /* SceneDelegate.swift in Sources */,
				ABFA0BDB2596F28C00BC407F /* Date+Ext.swift in Sources */,
				AB472F972596466500660720 /* GFSecondaryTitleLabel.swift in Sources */,
				AB472F8D25952D7C00660720 /* GFEmptyStateView.swift in Sources */,
				AB44F74F25808D3A0071E1BB /* GFTitleLabel.swift in Sources */,
				AB2FF5B6257B52DA0090C64E /* FollowerListVC.swift in Sources */,
				AB2FF5B3257B3F6B0090C64E /* GFTextField.swift in Sources */,
				AB44F75225808EB90071E1BB /* GFBodyLabel.swift in Sources */,
				AB472FA32596B65700660720 /* GFRepoItemVC.swift in Sources */,
				AB472F91259635DE00660720 /* UserInfoVC.swift in Sources */,
			);
			runOnlyForDeploymentPostprocessing = 0;
		};
/* End PBXSourcesBuildPhase section */

/* Begin PBXVariantGroup section */
		ABD02BF82579861700BBBF83 /* LaunchScreen.storyboard */ = {
			isa = PBXVariantGroup;
			children = (
				ABD02BF92579861700BBBF83 /* Base */,
			);
			name = LaunchScreen.storyboard;
			sourceTree = "<group>";
		};
/* End PBXVariantGroup section */

/* Begin XCBuildConfiguration section */
		ABD02BFC2579861700BBBF83 /* Debug */ = {
			isa = XCBuildConfiguration;
			buildSettings = {
				ALWAYS_SEARCH_USER_PATHS = NO;
				CLANG_ANALYZER_NONNULL = YES;
				CLANG_ANALYZER_NUMBER_OBJECT_CONVERSION = YES_AGGRESSIVE;
				CLANG_CXX_LANGUAGE_STANDARD = "gnu++14";
				CLANG_CXX_LIBRARY = "libc++";
				CLANG_ENABLE_MODULES = YES;
				CLANG_ENABLE_OBJC_ARC = YES;
				CLANG_ENABLE_OBJC_WEAK = YES;
				CLANG_WARN_BLOCK_CAPTURE_AUTORELEASING = YES;
				CLANG_WARN_BOOL_CONVERSION = YES;
				CLANG_WARN_COMMA = YES;
				CLANG_WARN_CONSTANT_CONVERSION = YES;
				CLANG_WARN_DEPRECATED_OBJC_IMPLEMENTATIONS = YES;
				CLANG_WARN_DIRECT_OBJC_ISA_USAGE = YES_ERROR;
				CLANG_WARN_DOCUMENTATION_COMMENTS = YES;
				CLANG_WARN_EMPTY_BODY = YES;
				CLANG_WARN_ENUM_CONVERSION = YES;
				CLANG_WARN_INFINITE_RECURSION = YES;
				CLANG_WARN_INT_CONVERSION = YES;
				CLANG_WARN_NON_LITERAL_NULL_CONVERSION = YES;
				CLANG_WARN_OBJC_IMPLICIT_RETAIN_SELF = YES;
				CLANG_WARN_OBJC_LITERAL_CONVERSION = YES;
				CLANG_WARN_OBJC_ROOT_CLASS = YES_ERROR;
				CLANG_WARN_QUOTED_INCLUDE_IN_FRAMEWORK_HEADER = YES;
				CLANG_WARN_RANGE_LOOP_ANALYSIS = YES;
				CLANG_WARN_STRICT_PROTOTYPES = YES;
				CLANG_WARN_SUSPICIOUS_MOVE = YES;
				CLANG_WARN_UNGUARDED_AVAILABILITY = YES_AGGRESSIVE;
				CLANG_WARN_UNREACHABLE_CODE = YES;
				CLANG_WARN__DUPLICATE_METHOD_MATCH = YES;
				COPY_PHASE_STRIP = NO;
				DEBUG_INFORMATION_FORMAT = dwarf;
				ENABLE_STRICT_OBJC_MSGSEND = YES;
				ENABLE_TESTABILITY = YES;
				GCC_C_LANGUAGE_STANDARD = gnu11;
				GCC_DYNAMIC_NO_PIC = NO;
				GCC_NO_COMMON_BLOCKS = YES;
				GCC_OPTIMIZATION_LEVEL = 0;
				GCC_PREPROCESSOR_DEFINITIONS = (
					"DEBUG=1",
					"$(inherited)",
				);
				GCC_WARN_64_TO_32_BIT_CONVERSION = YES;
				GCC_WARN_ABOUT_RETURN_TYPE = YES_ERROR;
				GCC_WARN_UNDECLARED_SELECTOR = YES;
				GCC_WARN_UNINITIALIZED_AUTOS = YES_AGGRESSIVE;
				GCC_WARN_UNUSED_FUNCTION = YES;
				GCC_WARN_UNUSED_VARIABLE = YES;
				IPHONEOS_DEPLOYMENT_TARGET = 14.2;
				MTL_ENABLE_DEBUG_INFO = INCLUDE_SOURCE;
				MTL_FAST_MATH = YES;
				ONLY_ACTIVE_ARCH = YES;
				SDKROOT = iphoneos;
				SWIFT_ACTIVE_COMPILATION_CONDITIONS = DEBUG;
				SWIFT_OPTIMIZATION_LEVEL = "-Onone";
			};
			name = Debug;
		};
		ABD02BFD2579861700BBBF83 /* Release */ = {
			isa = XCBuildConfiguration;
			buildSettings = {
				ALWAYS_SEARCH_USER_PATHS = NO;
				CLANG_ANALYZER_NONNULL = YES;
				CLANG_ANALYZER_NUMBER_OBJECT_CONVERSION = YES_AGGRESSIVE;
				CLANG_CXX_LANGUAGE_STANDARD = "gnu++14";
				CLANG_CXX_LIBRARY = "libc++";
				CLANG_ENABLE_MODULES = YES;
				CLANG_ENABLE_OBJC_ARC = YES;
				CLANG_ENABLE_OBJC_WEAK = YES;
				CLANG_WARN_BLOCK_CAPTURE_AUTORELEASING = YES;
				CLANG_WARN_BOOL_CONVERSION = YES;
				CLANG_WARN_COMMA = YES;
				CLANG_WARN_CONSTANT_CONVERSION = YES;
				CLANG_WARN_DEPRECATED_OBJC_IMPLEMENTATIONS = YES;
				CLANG_WARN_DIRECT_OBJC_ISA_USAGE = YES_ERROR;
				CLANG_WARN_DOCUMENTATION_COMMENTS = YES;
				CLANG_WARN_EMPTY_BODY = YES;
				CLANG_WARN_ENUM_CONVERSION = YES;
				CLANG_WARN_INFINITE_RECURSION = YES;
				CLANG_WARN_INT_CONVERSION = YES;
				CLANG_WARN_NON_LITERAL_NULL_CONVERSION = YES;
				CLANG_WARN_OBJC_IMPLICIT_RETAIN_SELF = YES;
				CLANG_WARN_OBJC_LITERAL_CONVERSION = YES;
				CLANG_WARN_OBJC_ROOT_CLASS = YES_ERROR;
				CLANG_WARN_QUOTED_INCLUDE_IN_FRAMEWORK_HEADER = YES;
				CLANG_WARN_RANGE_LOOP_ANALYSIS = YES;
				CLANG_WARN_STRICT_PROTOTYPES = YES;
				CLANG_WARN_SUSPICIOUS_MOVE = YES;
				CLANG_WARN_UNGUARDED_AVAILABILITY = YES_AGGRESSIVE;
				CLANG_WARN_UNREACHABLE_CODE = YES;
				CLANG_WARN__DUPLICATE_METHOD_MATCH = YES;
				COPY_PHASE_STRIP = NO;
				DEBUG_INFORMATION_FORMAT = "dwarf-with-dsym";
				ENABLE_NS_ASSERTIONS = NO;
				ENABLE_STRICT_OBJC_MSGSEND = YES;
				GCC_C_LANGUAGE_STANDARD = gnu11;
				GCC_NO_COMMON_BLOCKS = YES;
				GCC_WARN_64_TO_32_BIT_CONVERSION = YES;
				GCC_WARN_ABOUT_RETURN_TYPE = YES_ERROR;
				GCC_WARN_UNDECLARED_SELECTOR = YES;
				GCC_WARN_UNINITIALIZED_AUTOS = YES_AGGRESSIVE;
				GCC_WARN_UNUSED_FUNCTION = YES;
				GCC_WARN_UNUSED_VARIABLE = YES;
				IPHONEOS_DEPLOYMENT_TARGET = 14.2;
				MTL_ENABLE_DEBUG_INFO = NO;
				MTL_FAST_MATH = YES;
				SDKROOT = iphoneos;
				SWIFT_COMPILATION_MODE = wholemodule;
				SWIFT_OPTIMIZATION_LEVEL = "-O";
				VALIDATE_PRODUCT = YES;
			};
			name = Release;
		};
		ABD02BFF2579861700BBBF83 /* Debug */ = {
			isa = XCBuildConfiguration;
			buildSettings = {
				ASSETCATALOG_COMPILER_APPICON_NAME = AppIcon;
				ASSETCATALOG_COMPILER_GLOBAL_ACCENT_COLOR_NAME = AccentColor;
				CODE_SIGN_STYLE = Automatic;
				DEVELOPMENT_TEAM = 4W9U25F9BB;
				INFOPLIST_FILE = GHFollowers/Info.plist;
				LD_RUNPATH_SEARCH_PATHS = (
					"$(inherited)",
					"@executable_path/Frameworks",
				);
				PRODUCT_BUNDLE_IDENTIFIER = com.JonYataco.GHFollowers;
				PRODUCT_NAME = "$(TARGET_NAME)";
				SWIFT_VERSION = 5.0;
				TARGETED_DEVICE_FAMILY = "1,2";
			};
			name = Debug;
		};
		ABD02C002579861700BBBF83 /* Release */ = {
			isa = XCBuildConfiguration;
			buildSettings = {
				ASSETCATALOG_COMPILER_APPICON_NAME = AppIcon;
				ASSETCATALOG_COMPILER_GLOBAL_ACCENT_COLOR_NAME = AccentColor;
				CODE_SIGN_STYLE = Automatic;
				DEVELOPMENT_TEAM = 4W9U25F9BB;
				INFOPLIST_FILE = GHFollowers/Info.plist;
				LD_RUNPATH_SEARCH_PATHS = (
					"$(inherited)",
					"@executable_path/Frameworks",
				);
				PRODUCT_BUNDLE_IDENTIFIER = com.JonYataco.GHFollowers;
				PRODUCT_NAME = "$(TARGET_NAME)";
				SWIFT_VERSION = 5.0;
				TARGETED_DEVICE_FAMILY = "1,2";
			};
			name = Release;
		};
/* End XCBuildConfiguration section */

/* Begin XCConfigurationList section */
		ABD02BE52579861400BBBF83 /* Build configuration list for PBXProject "GHFollowers" */ = {
			isa = XCConfigurationList;
			buildConfigurations = (
				ABD02BFC2579861700BBBF83 /* Debug */,
				ABD02BFD2579861700BBBF83 /* Release */,
			);
			defaultConfigurationIsVisible = 0;
			defaultConfigurationName = Release;
		};
		ABD02BFE2579861700BBBF83 /* Build configuration list for PBXNativeTarget "GHFollowers" */ = {
			isa = XCConfigurationList;
			buildConfigurations = (
				ABD02BFF2579861700BBBF83 /* Debug */,
				ABD02C002579861700BBBF83 /* Release */,
			);
			defaultConfigurationIsVisible = 0;
			defaultConfigurationName = Release;
		};
/* End XCConfigurationList section */
	};
	rootObject = ABD02BE22579861400BBBF83 /* Project object */;
}
