// !$*UTF8*$!
{
	archiveVersion = 1;
	classes = {
	};
	objectVersion = 50;
	objects = {

/* Begin PBXBuildFile section */
		AB2FF5AA2579F78C0090C64E /* SearchVC.swift in Sources */ = {isa = PBXBuildFile; fileRef = AB2FF5A92579F78C0090C64E /* SearchVC.swift */; };
		AB2FF5AD2579F84E0090C64E /* FavoritesListVC.swift in Sources */ = {isa = PBXBuildFile; fileRef = AB2FF5AC2579F84E0090C64E /* FavoritesListVC.swift */; };
		AB2FF5B0257B36CA0090C64E /* GFButton.swift in Sources */ = {isa = PBXBuildFile; fileRef = AB2FF5AF257B36CA0090C64E /* GFButton.swift */; };
		AB2FF5B3257B3F6B0090C64E /* GFTextField.swift in Sources */ = {isa = PBXBuildFile; fileRef = AB2FF5B2257B3F6B0090C64E /* GFTextField.swift */; };
		AB2FF5B6257B52DA0090C64E /* FollowerListVC.swift in Sources */ = {isa = PBXBuildFile; fileRef = AB2FF5B5257B52DA0090C64E /* FollowerListVC.swift */; };
		AB44F74F25808D3A0071E1BB /* GFTitleLabel.swift in Sources */ = {isa = PBXBuildFile; fileRef = AB44F74E25808D3A0071E1BB /* GFTitleLabel.swift */; };
		AB44F75225808EB90071E1BB /* GFBodyLabel.swift in Sources */ = {isa = PBXBuildFile; fileRef = AB44F75125808EB90071E1BB /* GFBodyLabel.swift */; };
		AB44F755258090B00071E1BB /* GFAlertVC.swift in Sources */ = {isa = PBXBuildFile; fileRef = AB44F754258090B00071E1BB /* GFAlertVC.swift */; };
		AB44F758258096310071E1BB /* UIViewController+Ext.swift in Sources */ = {isa = PBXBuildFile; fileRef = AB44F757258096310071E1BB /* UIViewController+Ext.swift */; };
		ABD02BEE2579861500BBBF83 /* AppDelegate.swift in Sources */ = {isa = PBXBuildFile; fileRef = ABD02BED2579861500BBBF83 /* AppDelegate.swift */; };
		ABD02BF02579861500BBBF83 /* SceneDelegate.swift in Sources */ = {isa = PBXBuildFile; fileRef = ABD02BEF2579861500BBBF83 /* SceneDelegate.swift */; };
		ABD02BF22579861500BBBF83 /* ViewController.swift in Sources */ = {isa = PBXBuildFile; fileRef = ABD02BF12579861500BBBF83 /* ViewController.swift */; };
		ABD02BF72579861700BBBF83 /* Assets.xcassets in Resources */ = {isa = PBXBuildFile; fileRef = ABD02BF62579861700BBBF83 /* Assets.xcassets */; };
		ABD02BFA2579861700BBBF83 /* LaunchScreen.storyboard in Resources */ = {isa = PBXBuildFile; fileRef = ABD02BF82579861700BBBF83 /* LaunchScreen.storyboard */; };
/* End PBXBuildFile section */

/* Begin PBXFileReference section */
		AB2FF5A92579F78C0090C64E /* SearchVC.swift */ = {isa = PBXFileReference; lastKnownFileType = sourcecode.swift; path = SearchVC.swift; sourceTree = "<group>"; };
		AB2FF5AC2579F84E0090C64E /* FavoritesListVC.swift */ = {isa = PBXFileReference; lastKnownFileType = sourcecode.swift; path = FavoritesListVC.swift; sourceTree = "<group>"; };
		AB2FF5AF257B36CA0090C64E /* GFButton.swift */ = {isa = PBXFileReference; lastKnownFileType = sourcecode.swift; path = GFButton.swift; sourceTree = "<group>"; };
		AB2FF5B2257B3F6B0090C64E /* GFTextField.swift */ = {isa = PBXFileReference; lastKnownFileType = sourcecode.swift; path = GFTextField.swift; sourceTree = "<group>"; };
		AB2FF5B5257B52DA0090C64E /* FollowerListVC.swift */ = {isa = PBXFileReference; lastKnownFileType = sourcecode.swift; path = FollowerListVC.swift; sourceTree = "<group>"; };
		AB44F74E25808D3A0071E1BB /* GFTitleLabel.swift */ = {isa = PBXFileReference; lastKnownFileType = sourcecode.swift; path = GFTitleLabel.swift; sourceTree = "<group>"; };
		AB44F75125808EB90071E1BB /* GFBodyLabel.swift */ = {isa = PBXFileReference; lastKnownFileType = sourcecode.swift; path = GFBodyLabel.swift; sourceTree = "<group>"; };
		AB44F754258090B00071E1BB /* GFAlertVC.swift */ = {isa = PBXFileReference; lastKnownFileType = sourcecode.swift; path = GFAlertVC.swift; sourceTree = "<group>"; };
		AB44F757258096310071E1BB /* UIViewController+Ext.swift */ = {isa = PBXFileReference; lastKnownFileType = sourcecode.swift; path = "UIViewController+Ext.swift"; sourceTree = "<group>"; };
		ABD02BEA2579861500BBBF83 /* GHFollowers.app */ = {isa = PBXFileReference; explicitFileType = wrapper.application; includeInIndex = 0; path = GHFollowers.app; sourceTree = BUILT_PRODUCTS_DIR; };
		ABD02BED2579861500BBBF83 /* AppDelegate.swift */ = {isa = PBXFileReference; lastKnownFileType = sourcecode.swift; path = AppDelegate.swift; sourceTree = "<group>"; };
		ABD02BEF2579861500BBBF83 /* SceneDelegate.swift */ = {isa = PBXFileReference; lastKnownFileType = sourcecode.swift; path = SceneDelegate.swift; sourceTree = "<group>"; };
		ABD02BF12579861500BBBF83 /* ViewController.swift */ = {isa = PBXFileReference; lastKnownFileType = sourcecode.swift; path = ViewController.swift; sourceTree = "<group>"; };
		ABD02BF62579861700BBBF83 /* Assets.xcassets */ = {isa = PBXFileReference; lastKnownFileType = folder.assetcatalog; path = Assets.xcassets; sourceTree = "<group>"; };
		ABD02BF92579861700BBBF83 /* Base */ = {isa = PBXFileReference; lastKnownFileType = file.storyboard; name = Base; path = Base.lproj/LaunchScreen.storyboard; sourceTree = "<group>"; };
		ABD02BFB2579861700BBBF83 /* Info.plist */ = {isa = PBXFileReference; lastKnownFileType = text.plist.xml; path = Info.plist; sourceTree = "<group>"; };
/* End PBXFileReference section */

/* Begin PBXFrameworksBuildPhase section */
		ABD02BE72579861500BBBF83 /* Frameworks */ = {
			isa = PBXFrameworksBuildPhase;
			buildActionMask = 2147483647;
			files = (
			);
			runOnlyForDeploymentPostprocessing = 0;
		};
/* End PBXFrameworksBuildPhase section */

/* Begin PBXGroup section */
		ABD02BE12579861400BBBF83 = {
			isa = PBXGroup;
			children = (
				ABD02BEC2579861500BBBF83 /* GHFollowers */,
				ABD02BEB2579861500BBBF83 /* Products */,
			);
			sourceTree = "<group>";
		};
		ABD02BEB2579861500BBBF83 /* Products */ = {
			isa = PBXGroup;
			children = (
				ABD02BEA2579861500BBBF83 /* GHFollowers.app */,
			);
			name = Products;
			sourceTree = "<group>";
		};
		ABD02BEC2579861500BBBF83 /* GHFollowers */ = {
			isa = PBXGroup;
			children = (
				ABD02BED2579861500BBBF83 /* AppDelegate.swift */,
				ABD02BEF2579861500BBBF83 /* SceneDelegate.swift */,
				AB44F74E25808D3A0071E1BB /* GFTitleLabel.swift */,
				AB44F75125808EB90071E1BB /* GFBodyLabel.swift */,
				AB44F754258090B00071E1BB /* GFAlertVC.swift */,
				AB44F757258096310071E1BB /* UIViewController+Ext.swift */,
				AB2FF5AF257B36CA0090C64E /* GFButton.swift */,
				AB2FF5B2257B3F6B0090C64E /* GFTextField.swift */,
				AB2FF5AC2579F84E0090C64E /* FavoritesListVC.swift */,
				ABD02BF12579861500BBBF83 /* ViewController.swift */,
				AB2FF5A92579F78C0090C64E /* SearchVC.swift */,
				AB2FF5B5257B52DA0090C64E /* FollowerListVC.swift */,
				ABD02BF62579861700BBBF83 /* Assets.xcassets */,
				ABD02BF82579861700BBBF83 /* LaunchScreen.storyboard */,
				ABD02BFB2579861700BBBF83 /* Info.plist */,
			);
			path = GHFollowers;
			sourceTree = "<group>";
		};
/* End PBXGroup section */

/* Begin PBXNativeTarget section */
		ABD02BE92579861500BBBF83 /* GHFollowers */ = {
			isa = PBXNativeTarget;
			buildConfigurationList = ABD02BFE2579861700BBBF83 /* Build configuration list for PBXNativeTarget "GHFollowers" */;
			buildPhases = (
				ABD02BE62579861500BBBF83 /* Sources */,
				ABD02BE72579861500BBBF83 /* Frameworks */,
				ABD02BE82579861500BBBF83 /* Resources */,
			);
			buildRules = (
			);
			dependencies = (
			);
			name = GHFollowers;
			productName = GHFollowers;
			productReference = ABD02BEA2579861500BBBF83 /* GHFollowers.app */;
			productType = "com.apple.product-type.application";
		};
/* End PBXNativeTarget section */

/* Begin PBXProject section */
		ABD02BE22579861400BBBF83 /* Project object */ = {
			isa = PBXProject;
			attributes = {
				LastSwiftUpdateCheck = 1220;
				LastUpgradeCheck = 1220;
				TargetAttributes = {
					ABD02BE92579861500BBBF83 = {
						CreatedOnToolsVersion = 12.2;
					};
				};
			};
			buildConfigurationList = ABD02BE52579861400BBBF83 /* Build configuration list for PBXProject "GHFollowers" */;
			compatibilityVersion = "Xcode 9.3";
			developmentRegion = en;
			hasScannedForEncodings = 0;
			knownRegions = (
				en,
				Base,
			);
			mainGroup = ABD02BE12579861400BBBF83;
			productRefGroup = ABD02BEB2579861500BBBF83 /* Products */;
			projectDirPath = "";
			projectRoot = "";
			targets = (
				ABD02BE92579861500BBBF83 /* GHFollowers */,
			);
		};
/* End PBXProject section */

/* Begin PBXResourcesBuildPhase section */
		ABD02BE82579861500BBBF83 /* Resources */ = {
			isa = PBXResourcesBuildPhase;
			buildActionMask = 2147483647;
			files = (
				ABD02BFA2579861700BBBF83 /* LaunchScreen.storyboard in Resources */,
				ABD02BF72579861700BBBF83 /* Assets.xcassets in Resources */,
			);
			runOnlyForDeploymentPostprocessing = 0;
		};
/* End PBXResourcesBuildPhase section */

/* Begin PBXSourcesBuildPhase section */
		ABD02BE62579861500BBBF83 /* Sources */ = {
			isa = PBXSourcesBuildPhase;
			buildActionMask = 2147483647;
			files = (
				AB2FF5AA2579F78C0090C64E /* SearchVC.swift in Sources */,
				ABD02BF22579861500BBBF83 /* ViewController.swift in Sources */,
				AB44F758258096310071E1BB /* UIViewController+Ext.swift in Sources */,
				AB2FF5B0257B36CA0090C64E /* GFButton.swift in Sources */,
				AB2FF5AD2579F84E0090C64E /* FavoritesListVC.swift in Sources */,
				ABD02BEE2579861500BBBF83 /* AppDelegate.swift in Sources */,
				AB44F755258090B00071E1BB /* GFAlertVC.swift in Sources */,
				ABD02BF02579861500BBBF83 /* SceneDelegate.swift in Sources */,
				AB44F74F25808D3A0071E1BB /* GFTitleLabel.swift in Sources */,
				AB2FF5B6257B52DA0090C64E /* FollowerListVC.swift in Sources */,
				AB2FF5B3257B3F6B0090C64E /* GFTextField.swift in Sources */,
				AB44F75225808EB90071E1BB /* GFBodyLabel.swift in Sources */,
			);
			runOnlyForDeploymentPostprocessing = 0;
		};
/* End PBXSourcesBuildPhase section */

/* Begin PBXVariantGroup section */
		ABD02BF82579861700BBBF83 /* LaunchScreen.storyboard */ = {
			isa = PBXVariantGroup;
			children = (
				ABD02BF92579861700BBBF83 /* Base */,
			);
			name = LaunchScreen.storyboard;
			sourceTree = "<group>";
		};
/* End PBXVariantGroup section */

/* Begin XCBuildConfiguration section */
		ABD02BFC2579861700BBBF83 /* Debug */ = {
			isa = XCBuildConfiguration;
			buildSettings = {
				ALWAYS_SEARCH_USER_PATHS = NO;
				CLANG_ANALYZER_NONNULL = YES;
				CLANG_ANALYZER_NUMBER_OBJECT_CONVERSION = YES_AGGRESSIVE;
				CLANG_CXX_LANGUAGE_STANDARD = "gnu++14";
				CLANG_CXX_LIBRARY = "libc++";
				CLANG_ENABLE_MODULES = YES;
				CLANG_ENABLE_OBJC_ARC = YES;
				CLANG_ENABLE_OBJC_WEAK = YES;
				CLANG_WARN_BLOCK_CAPTURE_AUTORELEASING = YES;
				CLANG_WARN_BOOL_CONVERSION = YES;
				CLANG_WARN_COMMA = YES;
				CLANG_WARN_CONSTANT_CONVERSION = YES;
				CLANG_WARN_DEPRECATED_OBJC_IMPLEMENTATIONS = YES;
				CLANG_WARN_DIRECT_OBJC_ISA_USAGE = YES_ERROR;
				CLANG_WARN_DOCUMENTATION_COMMENTS = YES;
				CLANG_WARN_EMPTY_BODY = YES;
				CLANG_WARN_ENUM_CONVERSION = YES;
				CLANG_WARN_INFINITE_RECURSION = YES;
				CLANG_WARN_INT_CONVERSION = YES;
				CLANG_WARN_NON_LITERAL_NULL_CONVERSION = YES;
				CLANG_WARN_OBJC_IMPLICIT_RETAIN_SELF = YES;
				CLANG_WARN_OBJC_LITERAL_CONVERSION = YES;
				CLANG_WARN_OBJC_ROOT_CLASS = YES_ERROR;
				CLANG_WARN_QUOTED_INCLUDE_IN_FRAMEWORK_HEADER = YES;
				CLANG_WARN_RANGE_LOOP_ANALYSIS = YES;
				CLANG_WARN_STRICT_PROTOTYPES = YES;
				CLANG_WARN_SUSPICIOUS_MOVE = YES;
				CLANG_WARN_UNGUARDED_AVAILABILITY = YES_AGGRESSIVE;
				CLANG_WARN_UNREACHABLE_CODE = YES;
				CLANG_WARN__DUPLICATE_METHOD_MATCH = YES;
				COPY_PHASE_STRIP = NO;
				DEBUG_INFORMATION_FORMAT = dwarf;
				ENABLE_STRICT_OBJC_MSGSEND = YES;
				ENABLE_TESTABILITY = YES;
				GCC_C_LANGUAGE_STANDARD = gnu11;
				GCC_DYNAMIC_NO_PIC = NO;
				GCC_NO_COMMON_BLOCKS = YES;
				GCC_OPTIMIZATION_LEVEL = 0;
				GCC_PREPROCESSOR_DEFINITIONS = (
					"DEBUG=1",
					"$(inherited)",
				);
				GCC_WARN_64_TO_32_BIT_CONVERSION = YES;
				GCC_WARN_ABOUT_RETURN_TYPE = YES_ERROR;
				GCC_WARN_UNDECLARED_SELECTOR = YES;
				GCC_WARN_UNINITIALIZED_AUTOS = YES_AGGRESSIVE;
				GCC_WARN_UNUSED_FUNCTION = YES;
				GCC_WARN_UNUSED_VARIABLE = YES;
				IPHONEOS_DEPLOYMENT_TARGET = 14.2;
				MTL_ENABLE_DEBUG_INFO = INCLUDE_SOURCE;
				MTL_FAST_MATH = YES;
				ONLY_ACTIVE_ARCH = YES;
				SDKROOT = iphoneos;
				SWIFT_ACTIVE_COMPILATION_CONDITIONS = DEBUG;
				SWIFT_OPTIMIZATION_LEVEL = "-Onone";
			};
			name = Debug;
		};
		ABD02BFD2579861700BBBF83 /* Release */ = {
			isa = XCBuildConfiguration;
			buildSettings = {
				ALWAYS_SEARCH_USER_PATHS = NO;
				CLANG_ANALYZER_NONNULL = YES;
				CLANG_ANALYZER_NUMBER_OBJECT_CONVERSION = YES_AGGRESSIVE;
				CLANG_CXX_LANGUAGE_STANDARD = "gnu++14";
				CLANG_CXX_LIBRARY = "libc++";
				CLANG_ENABLE_MODULES = YES;
				CLANG_ENABLE_OBJC_ARC = YES;
				CLANG_ENABLE_OBJC_WEAK = YES;
				CLANG_WARN_BLOCK_CAPTURE_AUTORELEASING = YES;
				CLANG_WARN_BOOL_CONVERSION = YES;
				CLANG_WARN_COMMA = YES;
				CLANG_WARN_CONSTANT_CONVERSION = YES;
				CLANG_WARN_DEPRECATED_OBJC_IMPLEMENTATIONS = YES;
				CLANG_WARN_DIRECT_OBJC_ISA_USAGE = YES_ERROR;
				CLANG_WARN_DOCUMENTATION_COMMENTS = YES;
				CLANG_WARN_EMPTY_BODY = YES;
				CLANG_WARN_ENUM_CONVERSION = YES;
				CLANG_WARN_INFINITE_RECURSION = YES;
				CLANG_WARN_INT_CONVERSION = YES;
				CLANG_WARN_NON_LITERAL_NULL_CONVERSION = YES;
				CLANG_WARN_OBJC_IMPLICIT_RETAIN_SELF = YES;
				CLANG_WARN_OBJC_LITERAL_CONVERSION = YES;
				CLANG_WARN_OBJC_ROOT_CLASS = YES_ERROR;
				CLANG_WARN_QUOTED_INCLUDE_IN_FRAMEWORK_HEADER = YES;
				CLANG_WARN_RANGE_LOOP_ANALYSIS = YES;
				CLANG_WARN_STRICT_PROTOTYPES = YES;
				CLANG_WARN_SUSPICIOUS_MOVE = YES;
				CLANG_WARN_UNGUARDED_AVAILABILITY = YES_AGGRESSIVE;
				CLANG_WARN_UNREACHABLE_CODE = YES;
				CLANG_WARN__DUPLICATE_METHOD_MATCH = YES;
				COPY_PHASE_STRIP = NO;
				DEBUG_INFORMATION_FORMAT = "dwarf-with-dsym";
				ENABLE_NS_ASSERTIONS = NO;
				ENABLE_STRICT_OBJC_MSGSEND = YES;
				GCC_C_LANGUAGE_STANDARD = gnu11;
				GCC_NO_COMMON_BLOCKS = YES;
				GCC_WARN_64_TO_32_BIT_CONVERSION = YES;
				GCC_WARN_ABOUT_RETURN_TYPE = YES_ERROR;
				GCC_WARN_UNDECLARED_SELECTOR = YES;
				GCC_WARN_UNINITIALIZED_AUTOS = YES_AGGRESSIVE;
				GCC_WARN_UNUSED_FUNCTION = YES;
				GCC_WARN_UNUSED_VARIABLE = YES;
				IPHONEOS_DEPLOYMENT_TARGET = 14.2;
				MTL_ENABLE_DEBUG_INFO = NO;
				MTL_FAST_MATH = YES;
				SDKROOT = iphoneos;
				SWIFT_COMPILATION_MODE = wholemodule;
				SWIFT_OPTIMIZATION_LEVEL = "-O";
				VALIDATE_PRODUCT = YES;
			};
			name = Release;
		};
		ABD02BFF2579861700BBBF83 /* Debug */ = {
			isa = XCBuildConfiguration;
			buildSettings = {
				ASSETCATALOG_COMPILER_APPICON_NAME = AppIcon;
				ASSETCATALOG_COMPILER_GLOBAL_ACCENT_COLOR_NAME = AccentColor;
				CODE_SIGN_STYLE = Automatic;
				DEVELOPMENT_TEAM = 4W9U25F9BB;
				INFOPLIST_FILE = GHFollowers/Info.plist;
				LD_RUNPATH_SEARCH_PATHS = (
					"$(inherited)",
					"@executable_path/Frameworks",
				);
				PRODUCT_BUNDLE_IDENTIFIER = com.JonYataco.GHFollowers;
				PRODUCT_NAME = "$(TARGET_NAME)";
				SWIFT_VERSION = 5.0;
				TARGETED_DEVICE_FAMILY = "1,2";
			};
			name = Debug;
		};
		ABD02C002579861700BBBF83 /* Release */ = {
			isa = XCBuildConfiguration;
			buildSettings = {
				ASSETCATALOG_COMPILER_APPICON_NAME = AppIcon;
				ASSETCATALOG_COMPILER_GLOBAL_ACCENT_COLOR_NAME = AccentColor;
				CODE_SIGN_STYLE = Automatic;
				DEVELOPMENT_TEAM = 4W9U25F9BB;
				INFOPLIST_FILE = GHFollowers/Info.plist;
				LD_RUNPATH_SEARCH_PATHS = (
					"$(inherited)",
					"@executable_path/Frameworks",
				);
				PRODUCT_BUNDLE_IDENTIFIER = com.JonYataco.GHFollowers;
				PRODUCT_NAME = "$(TARGET_NAME)";
				SWIFT_VERSION = 5.0;
				TARGETED_DEVICE_FAMILY = "1,2";
			};
			name = Release;
		};
/* End XCBuildConfiguration section */

/* Begin XCConfigurationList section */
		ABD02BE52579861400BBBF83 /* Build configuration list for PBXProject "GHFollowers" */ = {
			isa = XCConfigurationList;
			buildConfigurations = (
				ABD02BFC2579861700BBBF83 /* Debug */,
				ABD02BFD2579861700BBBF83 /* Release */,
			);
			defaultConfigurationIsVisible = 0;
			defaultConfigurationName = Release;
		};
		ABD02BFE2579861700BBBF83 /* Build configuration list for PBXNativeTarget "GHFollowers" */ = {
			isa = XCConfigurationList;
			buildConfigurations = (
				ABD02BFF2579861700BBBF83 /* Debug */,
				ABD02C002579861700BBBF83 /* Release */,
			);
			defaultConfigurationIsVisible = 0;
			defaultConfigurationName = Release;
		};
/* End XCConfigurationList section */
	};
	rootObject = ABD02BE22579861400BBBF83 /* Project object */;
}
